
Microsoft Visual Studio Solution File, Format Version 12.00
# Visual Studio 14
VisualStudioVersion = 14.0.25420.1
MinimumVisualStudioVersion = 10.0.40219.1
Project("{FAE04EC0-301F-11D3-BF4B-00C04F79EFBC}") = "Vvod", "Vvod\Vvod.csproj", "{70DA3685-E496-44D2-B0D4-584B0FBEDD51}"
EndProject
Global
	GlobalSection(SolutionConfigurationPlatforms) = preSolution
		Debug|Any CPU = Debug|Any CPU
		Flat|Any CPU = Flat|Any CPU
		Release|Any CPU = Release|Any CPU
	EndGlobalSection
	GlobalSection(ProjectConfigurationPlatforms) = postSolution
		{70DA3685-E496-44D2-B0D4-584B0FBEDD51}.Debug|Any CPU.ActiveCfg = Debug|Any CPU
		{70DA3685-E496-44D2-B0D4-584B0FBEDD51}.Debug|Any CPU.Build.0 = Debug|Any CPU
		{70DA3685-E496-44D2-B0D4-584B0FBEDD51}.Flat|Any CPU.ActiveCfg = Flat|Any CPU
		{70DA3685-E496-44D2-B0D4-584B0FBEDD51}.Flat|Any CPU.Build.0 = Flat|Any CPU
		{70DA3685-E496-44D2-B0D4-584B0FBEDD51}.Release|Any CPU.ActiveCfg = Release|Any CPU
		{70DA3685-E496-44D2-B0D4-584B0FBEDD51}.Release|Any CPU.Build.0 = Release|Any CPU
	EndGlobalSection
	GlobalSection(SolutionProperties) = preSolution
		HideSolutionNode = FALSE
	EndGlobalSection
EndGlobal
